// !$*UTF8*$!
{
	archiveVersion = 1;
	classes = {
	};
	objectVersion = 51;
	objects = {

/* Begin PBXBuildFile section */
		9F2D733625590E9200084F46 /* TreeAnnotations.swift in Sources */ = {isa = PBXBuildFile; fileRef = 9F2D733525590E9200084F46 /* TreeAnnotations.swift */; };
		9F32F4B0255611EA008A8430 /* BottomSheetViewController.swift in Sources */ = {isa = PBXBuildFile; fileRef = 9F32F4AE255611EA008A8430 /* BottomSheetViewController.swift */; };
		9F32F4B1255611EA008A8430 /* BottomSheet.xib in Resources */ = {isa = PBXBuildFile; fileRef = 9F32F4AF255611EA008A8430 /* BottomSheet.xib */; };
		9F4D0EE0256825BB000C85F2 /* PassthroughView.swift in Sources */ = {isa = PBXBuildFile; fileRef = 9F4D0EDF256825BB000C85F2 /* PassthroughView.swift */; };
		9F9C3C49254B802A00A9E079 /* AppDelegate.swift in Sources */ = {isa = PBXBuildFile; fileRef = 9F9C3C48254B802A00A9E079 /* AppDelegate.swift */; };
		9F9C3C4B254B802A00A9E079 /* SceneDelegate.swift in Sources */ = {isa = PBXBuildFile; fileRef = 9F9C3C4A254B802A00A9E079 /* SceneDelegate.swift */; };
		9F9C3C4D254B802A00A9E079 /* MapViewController.swift in Sources */ = {isa = PBXBuildFile; fileRef = 9F9C3C4C254B802A00A9E079 /* MapViewController.swift */; };
		9F9C3C50254B802A00A9E079 /* Main.storyboard in Resources */ = {isa = PBXBuildFile; fileRef = 9F9C3C4E254B802A00A9E079 /* Main.storyboard */; };
		9F9C3C53254B802A00A9E079 /* TreeMapBCv2.xcdatamodeld in Sources */ = {isa = PBXBuildFile; fileRef = 9F9C3C51254B802A00A9E079 /* TreeMapBCv2.xcdatamodeld */; };
		9F9C3C55254B803000A9E079 /* Assets.xcassets in Resources */ = {isa = PBXBuildFile; fileRef = 9F9C3C54254B803000A9E079 /* Assets.xcassets */; };
		9F9C3C58254B803000A9E079 /* LaunchScreen.storyboard in Resources */ = {isa = PBXBuildFile; fileRef = 9F9C3C56254B803000A9E079 /* LaunchScreen.storyboard */; };
		9F9C3C60254B8C9400A9E079 /* TreeAnnotation.swift in Sources */ = {isa = PBXBuildFile; fileRef = 9F9C3C5F254B8C9400A9E079 /* TreeAnnotation.swift */; };
		9F9C3C64254BBA1D00A9E079 /* BCTrees.csv in Resources */ = {isa = PBXBuildFile; fileRef = 9F9C3C63254BBA1D00A9E079 /* BCTrees.csv */; };
		9F9C3C66254C6EED00A9E079 /* TreeAnnotationView.swift in Sources */ = {isa = PBXBuildFile; fileRef = 9F9C3C65254C6EED00A9E079 /* TreeAnnotationView.swift */; };
		9F9C3C68254C7A7A00A9E079 /* TreeClusterAnnotationView.swift in Sources */ = {isa = PBXBuildFile; fileRef = 9F9C3C67254C7A7A00A9E079 /* TreeClusterAnnotationView.swift */; };
		9F9C3C6A254C9DAF00A9E079 /* TreeData.swift in Sources */ = {isa = PBXBuildFile; fileRef = 9F9C3C69254C9DAE00A9E079 /* TreeData.swift */; };
		9F9C3C6E254E6E8900A9E079 /* Utils.swift in Sources */ = {isa = PBXBuildFile; fileRef = 9F9C3C6D254E6E8800A9E079 /* Utils.swift */; };
		9FE2EC7F2577572100221DFF /* TreeDetail.csv in Resources */ = {isa = PBXBuildFile; fileRef = 9FE2EC7E2577572000221DFF /* TreeDetail.csv */; };
		9FEB838F25633D16005AFFE7 /* SearchViewController.swift in Sources */ = {isa = PBXBuildFile; fileRef = 9FEB838E25633D16005AFFE7 /* SearchViewController.swift */; };
		BB9138A8FA8A4E4A12BE440A /* Pods_TreeMapBC.framework in Frameworks */ = {isa = PBXBuildFile; fileRef = A0CE8031A86522B25E350218 /* Pods_TreeMapBC.framework */; };
/* End PBXBuildFile section */

/* Begin PBXFileReference section */
		166D858D3D626AFA6712331E /* Pods-TreeMapBC.release.xcconfig */ = {isa = PBXFileReference; includeInIndex = 1; lastKnownFileType = text.xcconfig; name = "Pods-TreeMapBC.release.xcconfig"; path = "Target Support Files/Pods-TreeMapBC/Pods-TreeMapBC.release.xcconfig"; sourceTree = "<group>"; };
		1C43EF2124885E6570A60265 /* Pods-TreeMapBCv2.debug.xcconfig */ = {isa = PBXFileReference; includeInIndex = 1; lastKnownFileType = text.xcconfig; name = "Pods-TreeMapBCv2.debug.xcconfig"; path = "Target Support Files/Pods-TreeMapBCv2/Pods-TreeMapBCv2.debug.xcconfig"; sourceTree = "<group>"; };
		32F2A40AAC3FF8A84274A7D1 /* Pods-TreeMapBCv2.release.xcconfig */ = {isa = PBXFileReference; includeInIndex = 1; lastKnownFileType = text.xcconfig; name = "Pods-TreeMapBCv2.release.xcconfig"; path = "Target Support Files/Pods-TreeMapBCv2/Pods-TreeMapBCv2.release.xcconfig"; sourceTree = "<group>"; };
		37FDE906F5817468167B346B /* Pods-TreeMapBC.debug.xcconfig */ = {isa = PBXFileReference; includeInIndex = 1; lastKnownFileType = text.xcconfig; name = "Pods-TreeMapBC.debug.xcconfig"; path = "Target Support Files/Pods-TreeMapBC/Pods-TreeMapBC.debug.xcconfig"; sourceTree = "<group>"; };
		9F2D733525590E9200084F46 /* TreeAnnotations.swift */ = {isa = PBXFileReference; lastKnownFileType = sourcecode.swift; path = TreeAnnotations.swift; sourceTree = "<group>"; };
		9F32F4AE255611EA008A8430 /* BottomSheetViewController.swift */ = {isa = PBXFileReference; lastKnownFileType = sourcecode.swift; path = BottomSheetViewController.swift; sourceTree = "<group>"; };
		9F32F4AF255611EA008A8430 /* BottomSheet.xib */ = {isa = PBXFileReference; lastKnownFileType = file.xib; path = BottomSheet.xib; sourceTree = "<group>"; };
		9F4D0EDF256825BB000C85F2 /* PassthroughView.swift */ = {isa = PBXFileReference; lastKnownFileType = sourcecode.swift; path = PassthroughView.swift; sourceTree = "<group>"; };
		9F9C3C45254B802A00A9E079 /* TreeMapBC.app */ = {isa = PBXFileReference; explicitFileType = wrapper.application; includeInIndex = 0; path = TreeMapBC.app; sourceTree = BUILT_PRODUCTS_DIR; };
		9F9C3C48254B802A00A9E079 /* AppDelegate.swift */ = {isa = PBXFileReference; lastKnownFileType = sourcecode.swift; path = AppDelegate.swift; sourceTree = "<group>"; };
		9F9C3C4A254B802A00A9E079 /* SceneDelegate.swift */ = {isa = PBXFileReference; lastKnownFileType = sourcecode.swift; path = SceneDelegate.swift; sourceTree = "<group>"; };
		9F9C3C4C254B802A00A9E079 /* MapViewController.swift */ = {isa = PBXFileReference; lastKnownFileType = sourcecode.swift; path = MapViewController.swift; sourceTree = "<group>"; };
		9F9C3C4F254B802A00A9E079 /* Base */ = {isa = PBXFileReference; lastKnownFileType = file.storyboard; name = Base; path = Base.lproj/Main.storyboard; sourceTree = "<group>"; };
		9F9C3C52254B802A00A9E079 /* TreeMapBCv2.xcdatamodel */ = {isa = PBXFileReference; lastKnownFileType = wrapper.xcdatamodel; path = TreeMapBCv2.xcdatamodel; sourceTree = "<group>"; };
		9F9C3C54254B803000A9E079 /* Assets.xcassets */ = {isa = PBXFileReference; lastKnownFileType = folder.assetcatalog; path = Assets.xcassets; sourceTree = "<group>"; };
		9F9C3C57254B803000A9E079 /* Base */ = {isa = PBXFileReference; lastKnownFileType = file.storyboard; name = Base; path = Base.lproj/LaunchScreen.storyboard; sourceTree = "<group>"; };
		9F9C3C59254B803000A9E079 /* Info.plist */ = {isa = PBXFileReference; lastKnownFileType = text.plist.xml; path = Info.plist; sourceTree = "<group>"; };
		9F9C3C5F254B8C9400A9E079 /* TreeAnnotation.swift */ = {isa = PBXFileReference; lastKnownFileType = sourcecode.swift; path = TreeAnnotation.swift; sourceTree = "<group>"; };
		9F9C3C63254BBA1D00A9E079 /* BCTrees.csv */ = {isa = PBXFileReference; fileEncoding = 4; lastKnownFileType = text; path = BCTrees.csv; sourceTree = "<group>"; };
		9F9C3C65254C6EED00A9E079 /* TreeAnnotationView.swift */ = {isa = PBXFileReference; lastKnownFileType = sourcecode.swift; path = TreeAnnotationView.swift; sourceTree = "<group>"; };
		9F9C3C67254C7A7A00A9E079 /* TreeClusterAnnotationView.swift */ = {isa = PBXFileReference; lastKnownFileType = sourcecode.swift; path = TreeClusterAnnotationView.swift; sourceTree = "<group>"; };
		9F9C3C69254C9DAE00A9E079 /* TreeData.swift */ = {isa = PBXFileReference; lastKnownFileType = sourcecode.swift; path = TreeData.swift; sourceTree = "<group>"; };
		9F9C3C6D254E6E8800A9E079 /* Utils.swift */ = {isa = PBXFileReference; lastKnownFileType = sourcecode.swift; path = Utils.swift; sourceTree = "<group>"; };
		9FE2EC7E2577572000221DFF /* TreeDetail.csv */ = {isa = PBXFileReference; fileEncoding = 4; lastKnownFileType = text; path = TreeDetail.csv; sourceTree = "<group>"; };
		9FEB838E25633D16005AFFE7 /* SearchViewController.swift */ = {isa = PBXFileReference; lastKnownFileType = sourcecode.swift; path = SearchViewController.swift; sourceTree = "<group>"; };
		9FEB83A5256385B2005AFFE7 /* Species+CoreDataClass.swift */ = {isa = PBXFileReference; lastKnownFileType = sourcecode.swift; path = "Species+CoreDataClass.swift"; sourceTree = "<group>"; };
		9FEB83A6256385B2005AFFE7 /* Species+CoreDataProperties.swift */ = {isa = PBXFileReference; lastKnownFileType = sourcecode.swift; path = "Species+CoreDataProperties.swift"; sourceTree = "<group>"; };
		A0CE8031A86522B25E350218 /* Pods_TreeMapBC.framework */ = {isa = PBXFileReference; explicitFileType = wrapper.framework; includeInIndex = 0; path = Pods_TreeMapBC.framework; sourceTree = BUILT_PRODUCTS_DIR; };
/* End PBXFileReference section */

/* Begin PBXFrameworksBuildPhase section */
		9F9C3C42254B802A00A9E079 /* Frameworks */ = {
			isa = PBXFrameworksBuildPhase;
			buildActionMask = 2147483647;
			files = (
				BB9138A8FA8A4E4A12BE440A /* Pods_TreeMapBC.framework in Frameworks */,
			);
			runOnlyForDeploymentPostprocessing = 0;
		};
/* End PBXFrameworksBuildPhase section */

/* Begin PBXGroup section */
		28F703E58529673576E203C1 /* Frameworks */ = {
			isa = PBXGroup;
			children = (
				A0CE8031A86522B25E350218 /* Pods_TreeMapBC.framework */,
			);
			name = Frameworks;
			sourceTree = "<group>";
		};
		6EB30895AA483773003F2464 /* Pods */ = {
			isa = PBXGroup;
			children = (
				1C43EF2124885E6570A60265 /* Pods-TreeMapBCv2.debug.xcconfig */,
				32F2A40AAC3FF8A84274A7D1 /* Pods-TreeMapBCv2.release.xcconfig */,
				37FDE906F5817468167B346B /* Pods-TreeMapBC.debug.xcconfig */,
				166D858D3D626AFA6712331E /* Pods-TreeMapBC.release.xcconfig */,
			);
			path = Pods;
			sourceTree = "<group>";
		};
		9F9C3C3C254B802A00A9E079 = {
			isa = PBXGroup;
			children = (
				9F9C3C47254B802A00A9E079 /* TreeMapBCv2 */,
				9F9C3C46254B802A00A9E079 /* Products */,
				6EB30895AA483773003F2464 /* Pods */,
				28F703E58529673576E203C1 /* Frameworks */,
			);
			sourceTree = "<group>";
		};
		9F9C3C46254B802A00A9E079 /* Products */ = {
			isa = PBXGroup;
			children = (
				9F9C3C45254B802A00A9E079 /* TreeMapBC.app */,
			);
			name = Products;
			sourceTree = "<group>";
		};
		9F9C3C47254B802A00A9E079 /* TreeMapBCv2 */ = {
			isa = PBXGroup;
			children = (
				9F9C3C6D254E6E8800A9E079 /* Utils.swift */,
				9F9C3C48254B802A00A9E079 /* AppDelegate.swift */,
				9F9C3C4A254B802A00A9E079 /* SceneDelegate.swift */,
				9F9C3C69254C9DAE00A9E079 /* TreeData.swift */,
				9F9C3C5F254B8C9400A9E079 /* TreeAnnotation.swift */,
				9F2D733525590E9200084F46 /* TreeAnnotations.swift */,
				9F9C3C65254C6EED00A9E079 /* TreeAnnotationView.swift */,
				9F9C3C67254C7A7A00A9E079 /* TreeClusterAnnotationView.swift */,
				9F4D0EDF256825BB000C85F2 /* PassthroughView.swift */,
				9F9C3C4C254B802A00A9E079 /* MapViewController.swift */,
				9FEB838E25633D16005AFFE7 /* SearchViewController.swift */,
				9F32F4AE255611EA008A8430 /* BottomSheetViewController.swift */,
				9F9C3C4E254B802A00A9E079 /* Main.storyboard */,
				9F32F4AF255611EA008A8430 /* BottomSheet.xib */,
				9F9C3C56254B803000A9E079 /* LaunchScreen.storyboard */,
				9F9C3C54254B803000A9E079 /* Assets.xcassets */,
				9F9C3C59254B803000A9E079 /* Info.plist */,
				9FEB839825638294005AFFE7 /* CoreData */,
				9F9C3C63254BBA1D00A9E079 /* BCTrees.csv */,
				9FE2EC7E2577572000221DFF /* TreeDetail.csv */,
			);
			path = TreeMapBCv2;
			sourceTree = "<group>";
		};
		9FEB839825638294005AFFE7 /* CoreData */ = {
			isa = PBXGroup;
			children = (
				9FEB83A5256385B2005AFFE7 /* Species+CoreDataClass.swift */,
				9FEB83A6256385B2005AFFE7 /* Species+CoreDataProperties.swift */,
				9F9C3C51254B802A00A9E079 /* TreeMapBCv2.xcdatamodeld */,
			);
			path = CoreData;
			sourceTree = "<group>";
		};
/* End PBXGroup section */

/* Begin PBXNativeTarget section */
		9F9C3C44254B802A00A9E079 /* TreeMapBC */ = {
			isa = PBXNativeTarget;
			buildConfigurationList = 9F9C3C5C254B803000A9E079 /* Build configuration list for PBXNativeTarget "TreeMapBC" */;
			buildPhases = (
				5F4E0CC436C484BF1F5B5760 /* [CP] Check Pods Manifest.lock */,
				9F9C3C41254B802A00A9E079 /* Sources */,
				9F9C3C42254B802A00A9E079 /* Frameworks */,
				9F9C3C43254B802A00A9E079 /* Resources */,
				78ACD2C6A480ACBA1EDD8FE5 /* [CP] Embed Pods Frameworks */,
			);
			buildRules = (
			);
			dependencies = (
			);
			name = TreeMapBC;
			productName = TreeMapBCv2;
			productReference = 9F9C3C45254B802A00A9E079 /* TreeMapBC.app */;
			productType = "com.apple.product-type.application";
		};
/* End PBXNativeTarget section */

/* Begin PBXProject section */
		9F9C3C3D254B802A00A9E079 /* Project object */ = {
			isa = PBXProject;
			attributes = {
				LastSwiftUpdateCheck = 1160;
				LastUpgradeCheck = 1220;
				ORGANIZATIONNAME = "Boston College";
				TargetAttributes = {
					9F9C3C44254B802A00A9E079 = {
						CreatedOnToolsVersion = 11.6;
					};
				};
			};
			buildConfigurationList = 9F9C3C40254B802A00A9E079 /* Build configuration list for PBXProject "TreeMapBCv2" */;
			compatibilityVersion = "Xcode 9.3";
			developmentRegion = en;
			hasScannedForEncodings = 0;
			knownRegions = (
				en,
				Base,
			);
			mainGroup = 9F9C3C3C254B802A00A9E079;
			productRefGroup = 9F9C3C46254B802A00A9E079 /* Products */;
			projectDirPath = "";
			projectRoot = "";
			targets = (
				9F9C3C44254B802A00A9E079 /* TreeMapBC */,
			);
		};
/* End PBXProject section */

/* Begin PBXResourcesBuildPhase section */
		9F9C3C43254B802A00A9E079 /* Resources */ = {
			isa = PBXResourcesBuildPhase;
			buildActionMask = 2147483647;
			files = (
				9F9C3C58254B803000A9E079 /* LaunchScreen.storyboard in Resources */,
				9F9C3C64254BBA1D00A9E079 /* BCTrees.csv in Resources */,
				9FE2EC7F2577572100221DFF /* TreeDetail.csv in Resources */,
				9F9C3C55254B803000A9E079 /* Assets.xcassets in Resources */,
				9F9C3C50254B802A00A9E079 /* Main.storyboard in Resources */,
				9F32F4B1255611EA008A8430 /* BottomSheet.xib in Resources */,
			);
			runOnlyForDeploymentPostprocessing = 0;
		};
/* End PBXResourcesBuildPhase section */

/* Begin PBXShellScriptBuildPhase section */
		5F4E0CC436C484BF1F5B5760 /* [CP] Check Pods Manifest.lock */ = {
			isa = PBXShellScriptBuildPhase;
			buildActionMask = 2147483647;
			files = (
			);
			inputFileListPaths = (
			);
			inputPaths = (
				"${PODS_PODFILE_DIR_PATH}/Podfile.lock",
				"${PODS_ROOT}/Manifest.lock",
			);
			name = "[CP] Check Pods Manifest.lock";
			outputFileListPaths = (
			);
			outputPaths = (
				"$(DERIVED_FILE_DIR)/Pods-TreeMapBC-checkManifestLockResult.txt",
			);
			runOnlyForDeploymentPostprocessing = 0;
			shellPath = /bin/sh;
			shellScript = "diff \"${PODS_PODFILE_DIR_PATH}/Podfile.lock\" \"${PODS_ROOT}/Manifest.lock\" > /dev/null\nif [ $? != 0 ] ; then\n    # print error to STDERR\n    echo \"error: The sandbox is not in sync with the Podfile.lock. Run 'pod install' or update your CocoaPods installation.\" >&2\n    exit 1\nfi\n# This output is used by Xcode 'outputs' to avoid re-running this script phase.\necho \"SUCCESS\" > \"${SCRIPT_OUTPUT_FILE_0}\"\n";
			showEnvVarsInLog = 0;
		};
		78ACD2C6A480ACBA1EDD8FE5 /* [CP] Embed Pods Frameworks */ = {
			isa = PBXShellScriptBuildPhase;
			buildActionMask = 2147483647;
			files = (
			);
			inputFileListPaths = (
				"${PODS_ROOT}/Target Support Files/Pods-TreeMapBC/Pods-TreeMapBC-frameworks-${CONFIGURATION}-input-files.xcfilelist",
			);
			name = "[CP] Embed Pods Frameworks";
			outputFileListPaths = (
				"${PODS_ROOT}/Target Support Files/Pods-TreeMapBC/Pods-TreeMapBC-frameworks-${CONFIGURATION}-output-files.xcfilelist",
			);
			runOnlyForDeploymentPostprocessing = 0;
			shellPath = /bin/sh;
			shellScript = "\"${PODS_ROOT}/Target Support Files/Pods-TreeMapBC/Pods-TreeMapBC-frameworks.sh\"\n";
			showEnvVarsInLog = 0;
		};
/* End PBXShellScriptBuildPhase section */

/* Begin PBXSourcesBuildPhase section */
		9F9C3C41254B802A00A9E079 /* Sources */ = {
			isa = PBXSourcesBuildPhase;
			buildActionMask = 2147483647;
			files = (
				9F9C3C66254C6EED00A9E079 /* TreeAnnotationView.swift in Sources */,
				9F9C3C60254B8C9400A9E079 /* TreeAnnotation.swift in Sources */,
				9FEB838F25633D16005AFFE7 /* SearchViewController.swift in Sources */,
				9F9C3C6E254E6E8900A9E079 /* Utils.swift in Sources */,
				9F32F4B0255611EA008A8430 /* BottomSheetViewController.swift in Sources */,
				9F9C3C6A254C9DAF00A9E079 /* TreeData.swift in Sources */,
				9F9C3C4D254B802A00A9E079 /* MapViewController.swift in Sources */,
				9F9C3C49254B802A00A9E079 /* AppDelegate.swift in Sources */,
				9F9C3C4B254B802A00A9E079 /* SceneDelegate.swift in Sources */,
				9F9C3C68254C7A7A00A9E079 /* TreeClusterAnnotationView.swift in Sources */,
				9F4D0EE0256825BB000C85F2 /* PassthroughView.swift in Sources */,
				9F9C3C53254B802A00A9E079 /* TreeMapBCv2.xcdatamodeld in Sources */,
				9F2D733625590E9200084F46 /* TreeAnnotations.swift in Sources */,
			);
			runOnlyForDeploymentPostprocessing = 0;
		};
/* End PBXSourcesBuildPhase section */

/* Begin PBXVariantGroup section */
		9F9C3C4E254B802A00A9E079 /* Main.storyboard */ = {
			isa = PBXVariantGroup;
			children = (
				9F9C3C4F254B802A00A9E079 /* Base */,
			);
			name = Main.storyboard;
			sourceTree = "<group>";
		};
		9F9C3C56254B803000A9E079 /* LaunchScreen.storyboard */ = {
			isa = PBXVariantGroup;
			children = (
				9F9C3C57254B803000A9E079 /* Base */,
			);
			name = LaunchScreen.storyboard;
			sourceTree = "<group>";
		};
/* End PBXVariantGroup section */

/* Begin XCBuildConfiguration section */
		9F9C3C5A254B803000A9E079 /* Debug */ = {
			isa = XCBuildConfiguration;
			buildSettings = {
				ALWAYS_SEARCH_USER_PATHS = NO;
				CLANG_ANALYZER_NONNULL = YES;
				CLANG_ANALYZER_NUMBER_OBJECT_CONVERSION = YES_AGGRESSIVE;
				CLANG_CXX_LANGUAGE_STANDARD = "gnu++14";
				CLANG_CXX_LIBRARY = "libc++";
				CLANG_ENABLE_MODULES = YES;
				CLANG_ENABLE_OBJC_ARC = YES;
				CLANG_ENABLE_OBJC_WEAK = YES;
				CLANG_WARN_BLOCK_CAPTURE_AUTORELEASING = YES;
				CLANG_WARN_BOOL_CONVERSION = YES;
				CLANG_WARN_COMMA = YES;
				CLANG_WARN_CONSTANT_CONVERSION = YES;
				CLANG_WARN_DEPRECATED_OBJC_IMPLEMENTATIONS = YES;
				CLANG_WARN_DIRECT_OBJC_ISA_USAGE = YES_ERROR;
				CLANG_WARN_DOCUMENTATION_COMMENTS = YES;
				CLANG_WARN_EMPTY_BODY = YES;
				CLANG_WARN_ENUM_CONVERSION = YES;
				CLANG_WARN_INFINITE_RECURSION = YES;
				CLANG_WARN_INT_CONVERSION = YES;
				CLANG_WARN_NON_LITERAL_NULL_CONVERSION = YES;
				CLANG_WARN_OBJC_IMPLICIT_RETAIN_SELF = YES;
				CLANG_WARN_OBJC_LITERAL_CONVERSION = YES;
				CLANG_WARN_OBJC_ROOT_CLASS = YES_ERROR;
				CLANG_WARN_QUOTED_INCLUDE_IN_FRAMEWORK_HEADER = YES;
				CLANG_WARN_RANGE_LOOP_ANALYSIS = YES;
				CLANG_WARN_STRICT_PROTOTYPES = YES;
				CLANG_WARN_SUSPICIOUS_MOVE = YES;
				CLANG_WARN_UNGUARDED_AVAILABILITY = YES_AGGRESSIVE;
				CLANG_WARN_UNREACHABLE_CODE = YES;
				CLANG_WARN__DUPLICATE_METHOD_MATCH = YES;
				COPY_PHASE_STRIP = NO;
				DEBUG_INFORMATION_FORMAT = dwarf;
				ENABLE_STRICT_OBJC_MSGSEND = YES;
				ENABLE_TESTABILITY = YES;
				GCC_C_LANGUAGE_STANDARD = gnu11;
				GCC_DYNAMIC_NO_PIC = NO;
				GCC_NO_COMMON_BLOCKS = YES;
				GCC_OPTIMIZATION_LEVEL = 0;
				GCC_PREPROCESSOR_DEFINITIONS = (
					"DEBUG=1",
					"$(inherited)",
				);
				GCC_WARN_64_TO_32_BIT_CONVERSION = YES;
				GCC_WARN_ABOUT_RETURN_TYPE = YES_ERROR;
				GCC_WARN_UNDECLARED_SELECTOR = YES;
				GCC_WARN_UNINITIALIZED_AUTOS = YES_AGGRESSIVE;
				GCC_WARN_UNUSED_FUNCTION = YES;
				GCC_WARN_UNUSED_VARIABLE = YES;
				IPHONEOS_DEPLOYMENT_TARGET = 13.0;
				MTL_ENABLE_DEBUG_INFO = INCLUDE_SOURCE;
				MTL_FAST_MATH = YES;
				ONLY_ACTIVE_ARCH = YES;
				SDKROOT = iphoneos;
				SWIFT_ACTIVE_COMPILATION_CONDITIONS = DEBUG;
				SWIFT_OPTIMIZATION_LEVEL = "-Onone";
			};
			name = Debug;
		};
		9F9C3C5B254B803000A9E079 /* Release */ = {
			isa = XCBuildConfiguration;
			buildSettings = {
				ALWAYS_SEARCH_USER_PATHS = NO;
				CLANG_ANALYZER_NONNULL = YES;
				CLANG_ANALYZER_NUMBER_OBJECT_CONVERSION = YES_AGGRESSIVE;
				CLANG_CXX_LANGUAGE_STANDARD = "gnu++14";
				CLANG_CXX_LIBRARY = "libc++";
				CLANG_ENABLE_MODULES = YES;
				CLANG_ENABLE_OBJC_ARC = YES;
				CLANG_ENABLE_OBJC_WEAK = YES;
				CLANG_WARN_BLOCK_CAPTURE_AUTORELEASING = YES;
				CLANG_WARN_BOOL_CONVERSION = YES;
				CLANG_WARN_COMMA = YES;
				CLANG_WARN_CONSTANT_CONVERSION = YES;
				CLANG_WARN_DEPRECATED_OBJC_IMPLEMENTATIONS = YES;
				CLANG_WARN_DIRECT_OBJC_ISA_USAGE = YES_ERROR;
				CLANG_WARN_DOCUMENTATION_COMMENTS = YES;
				CLANG_WARN_EMPTY_BODY = YES;
				CLANG_WARN_ENUM_CONVERSION = YES;
				CLANG_WARN_INFINITE_RECURSION = YES;
				CLANG_WARN_INT_CONVERSION = YES;
				CLANG_WARN_NON_LITERAL_NULL_CONVERSION = YES;
				CLANG_WARN_OBJC_IMPLICIT_RETAIN_SELF = YES;
				CLANG_WARN_OBJC_LITERAL_CONVERSION = YES;
				CLANG_WARN_OBJC_ROOT_CLASS = YES_ERROR;
				CLANG_WARN_QUOTED_INCLUDE_IN_FRAMEWORK_HEADER = YES;
				CLANG_WARN_RANGE_LOOP_ANALYSIS = YES;
				CLANG_WARN_STRICT_PROTOTYPES = YES;
				CLANG_WARN_SUSPICIOUS_MOVE = YES;
				CLANG_WARN_UNGUARDED_AVAILABILITY = YES_AGGRESSIVE;
				CLANG_WARN_UNREACHABLE_CODE = YES;
				CLANG_WARN__DUPLICATE_METHOD_MATCH = YES;
				COPY_PHASE_STRIP = NO;
				DEBUG_INFORMATION_FORMAT = "dwarf-with-dsym";
				ENABLE_NS_ASSERTIONS = NO;
				ENABLE_STRICT_OBJC_MSGSEND = YES;
				GCC_C_LANGUAGE_STANDARD = gnu11;
				GCC_NO_COMMON_BLOCKS = YES;
				GCC_WARN_64_TO_32_BIT_CONVERSION = YES;
				GCC_WARN_ABOUT_RETURN_TYPE = YES_ERROR;
				GCC_WARN_UNDECLARED_SELECTOR = YES;
				GCC_WARN_UNINITIALIZED_AUTOS = YES_AGGRESSIVE;
				GCC_WARN_UNUSED_FUNCTION = YES;
				GCC_WARN_UNUSED_VARIABLE = YES;
				IPHONEOS_DEPLOYMENT_TARGET = 13.0;
				MTL_ENABLE_DEBUG_INFO = NO;
				MTL_FAST_MATH = YES;
				SDKROOT = iphoneos;
				SWIFT_COMPILATION_MODE = wholemodule;
				SWIFT_OPTIMIZATION_LEVEL = "-O";
				VALIDATE_PRODUCT = YES;
			};
			name = Release;
		};
		9F9C3C5D254B803000A9E079 /* Debug */ = {
			isa = XCBuildConfiguration;
			baseConfigurationReference = 37FDE906F5817468167B346B /* Pods-TreeMapBC.debug.xcconfig */;
			buildSettings = {
				ASSETCATALOG_COMPILER_APPICON_NAME = AppIcon;
				CODE_SIGN_STYLE = Automatic;
				DEVELOPMENT_TEAM = V27SVLH9G6;
				INFOPLIST_FILE = TreeMapBCv2/Info.plist;
				LD_RUNPATH_SEARCH_PATHS = (
					"$(inherited)",
					"@executable_path/Frameworks",
				);
				MARKETING_VERSION = 1.0.2;
				PRODUCT_BUNDLE_IDENTIFIER = AL.TreeMapBC;
				PRODUCT_NAME = TreeMapBC;
				SWIFT_VERSION = 5.0;
				TARGETED_DEVICE_FAMILY = 1;
			};
			name = Debug;
		};
		9F9C3C5E254B803000A9E079 /* Release */ = {
			isa = XCBuildConfiguration;
			baseConfigurationReference = 166D858D3D626AFA6712331E /* Pods-TreeMapBC.release.xcconfig */;
			buildSettings = {
				ASSETCATALOG_COMPILER_APPICON_NAME = AppIcon;
				CODE_SIGN_STYLE = Automatic;
				DEVELOPMENT_TEAM = V27SVLH9G6;
				INFOPLIST_FILE = TreeMapBCv2/Info.plist;
				LD_RUNPATH_SEARCH_PATHS = (
					"$(inherited)",
					"@executable_path/Frameworks",
				);
				MARKETING_VERSION = 1.0.2;
				PRODUCT_BUNDLE_IDENTIFIER = AL.TreeMapBC;
				PRODUCT_NAME = TreeMapBC;
				SWIFT_VERSION = 5.0;
				TARGETED_DEVICE_FAMILY = 1;
			};
			name = Release;
		};
/* End XCBuildConfiguration section */

/* Begin XCConfigurationList section */
		9F9C3C40254B802A00A9E079 /* Build configuration list for PBXProject "TreeMapBCv2" */ = {
			isa = XCConfigurationList;
			buildConfigurations = (
				9F9C3C5A254B803000A9E079 /* Debug */,
				9F9C3C5B254B803000A9E079 /* Release */,
			);
			defaultConfigurationIsVisible = 0;
			defaultConfigurationName = Release;
		};
		9F9C3C5C254B803000A9E079 /* Build configuration list for PBXNativeTarget "TreeMapBC" */ = {
			isa = XCConfigurationList;
			buildConfigurations = (
				9F9C3C5D254B803000A9E079 /* Debug */,
				9F9C3C5E254B803000A9E079 /* Release */,
			);
			defaultConfigurationIsVisible = 0;
			defaultConfigurationName = Release;
		};
/* End XCConfigurationList section */

/* Begin XCVersionGroup section */
		9F9C3C51254B802A00A9E079 /* TreeMapBCv2.xcdatamodeld */ = {
			isa = XCVersionGroup;
			children = (
				9F9C3C52254B802A00A9E079 /* TreeMapBCv2.xcdatamodel */,
			);
			currentVersion = 9F9C3C52254B802A00A9E079 /* TreeMapBCv2.xcdatamodel */;
			path = TreeMapBCv2.xcdatamodeld;
			sourceTree = "<group>";
			versionGroupType = wrapper.xcdatamodel;
		};
/* End XCVersionGroup section */
	};
	rootObject = 9F9C3C3D254B802A00A9E079 /* Project object */;
}
